
Microsoft Visual Studio Solution File, Format Version 12.00
# Visual Studio Version 17
VisualStudioVersion = 17.12.35527.113
MinimumVisualStudioVersion = 10.0.40219.1
Project("{FAE04EC0-301F-11D3-BF4B-00C04F79EFBC}") = "Methods", "Methods\Methods.csproj", "{061E92B8-48E4-432F-8EAF-E1254B2FA5DE}"
EndProject
Project("{FAE04EC0-301F-11D3-BF4B-00C04F79EFBC}") = "Testing", "Testing\Testing.csproj", "{CF64D75D-57E9-4890-8E0D-2574D4AE59D5}"
EndProject
Project("{FAE04EC0-301F-11D3-BF4B-00C04F79EFBC}") = "Linear Programming Calculator Desktop", "Linear Programming Calculator Desktop\Linear Programming Calculator Desktop.csproj", "{3FEBA7A5-2E81-469D-9710-6E29E9C64F00}"
EndProject
Global
	GlobalSection(SolutionConfigurationPlatforms) = preSolution
		Debug|Any CPU = Debug|Any CPU
		Release|Any CPU = Release|Any CPU
	EndGlobalSection
	GlobalSection(ProjectConfigurationPlatforms) = postSolution
		{061E92B8-48E4-432F-8EAF-E1254B2FA5DE}.Debug|Any CPU.ActiveCfg = Debug|Any CPU
		{061E92B8-48E4-432F-8EAF-E1254B2FA5DE}.Debug|Any CPU.Build.0 = Debug|Any CPU
		{061E92B8-48E4-432F-8EAF-E1254B2FA5DE}.Release|Any CPU.ActiveCfg = Release|Any CPU
		{061E92B8-48E4-432F-8EAF-E1254B2FA5DE}.Release|Any CPU.Build.0 = Release|Any CPU
		{CF64D75D-57E9-4890-8E0D-2574D4AE59D5}.Debug|Any CPU.ActiveCfg = Debug|Any CPU
		{CF64D75D-57E9-4890-8E0D-2574D4AE59D5}.Debug|Any CPU.Build.0 = Debug|Any CPU
		{CF64D75D-57E9-4890-8E0D-2574D4AE59D5}.Release|Any CPU.ActiveCfg = Release|Any CPU
		{CF64D75D-57E9-4890-8E0D-2574D4AE59D5}.Release|Any CPU.Build.0 = Release|Any CPU
		{3FEBA7A5-2E81-469D-9710-6E29E9C64F00}.Debug|Any CPU.ActiveCfg = Debug|Any CPU
		{3FEBA7A5-2E81-469D-9710-6E29E9C64F00}.Debug|Any CPU.Build.0 = Debug|Any CPU
		{3FEBA7A5-2E81-469D-9710-6E29E9C64F00}.Release|Any CPU.ActiveCfg = Release|Any CPU
		{3FEBA7A5-2E81-469D-9710-6E29E9C64F00}.Release|Any CPU.Build.0 = Release|Any CPU
	EndGlobalSection
	GlobalSection(SolutionProperties) = preSolution
		HideSolutionNode = FALSE
	EndGlobalSection
EndGlobal
